// !$*UTF8*$!
{
	archiveVersion = 1;
	classes = {
	};
	objectVersion = 56;
	objects = {

/* Begin PBXBuildFile section */
		45FF3D302BF2673F00E9E41F /* myexpensesApp.swift in Sources */ = {isa = PBXBuildFile; fileRef = 45FF3D2F2BF2673F00E9E41F /* myexpensesApp.swift */; };
		45FF3D322BF2673F00E9E41F /* ContentView.swift in Sources */ = {isa = PBXBuildFile; fileRef = 45FF3D312BF2673F00E9E41F /* ContentView.swift */; };
		45FF3D362BF2674100E9E41F /* Assets.xcassets in Resources */ = {isa = PBXBuildFile; fileRef = 45FF3D352BF2674100E9E41F /* Assets.xcassets */; };
		45FF3D392BF2674100E9E41F /* Preview Assets.xcassets in Resources */ = {isa = PBXBuildFile; fileRef = 45FF3D382BF2674100E9E41F /* Preview Assets.xcassets */; };
		45FF3D422BF267F300E9E41F /* ExpenseSheet.swift in Sources */ = {isa = PBXBuildFile; fileRef = 45FF3D412BF267F300E9E41F /* ExpenseSheet.swift */; };
		45FF3D442BF26A1800E9E41F /* Operation.swift in Sources */ = {isa = PBXBuildFile; fileRef = 45FF3D432BF26A1800E9E41F /* Operation.swift */; };
		45FF3D462BF26C2900E9E41F /* Category.swift in Sources */ = {isa = PBXBuildFile; fileRef = 45FF3D452BF26C2900E9E41F /* Category.swift */; };
		45FF3D482BF26C8800E9E41F /* Enum.swift in Sources */ = {isa = PBXBuildFile; fileRef = 45FF3D472BF26C8800E9E41F /* Enum.swift */; };
		45FF3D4C2BF36F1100E9E41F /* ExpenseView.swift in Sources */ = {isa = PBXBuildFile; fileRef = 45FF3D4B2BF36F1100E9E41F /* ExpenseView.swift */; };
		45FF3D4E2BF3768A00E9E41F /* CreateExpenseSheetView.swift in Sources */ = {isa = PBXBuildFile; fileRef = 45FF3D4D2BF3768A00E9E41F /* CreateExpenseSheetView.swift */; };
		45FF3D502BF3778E00E9E41F /* AboutView.swift in Sources */ = {isa = PBXBuildFile; fileRef = 45FF3D4F2BF3778E00E9E41F /* AboutView.swift */; };
/* End PBXBuildFile section */

/* Begin PBXFileReference section */
		45FF3D2C2BF2673F00E9E41F /* myexpenses.app */ = {isa = PBXFileReference; explicitFileType = wrapper.application; includeInIndex = 0; path = myexpenses.app; sourceTree = BUILT_PRODUCTS_DIR; };
		45FF3D2F2BF2673F00E9E41F /* myexpensesApp.swift */ = {isa = PBXFileReference; lastKnownFileType = sourcecode.swift; path = myexpensesApp.swift; sourceTree = "<group>"; };
		45FF3D312BF2673F00E9E41F /* ContentView.swift */ = {isa = PBXFileReference; lastKnownFileType = sourcecode.swift; path = ContentView.swift; sourceTree = "<group>"; };
		45FF3D352BF2674100E9E41F /* Assets.xcassets */ = {isa = PBXFileReference; lastKnownFileType = folder.assetcatalog; path = Assets.xcassets; sourceTree = "<group>"; };
		45FF3D382BF2674100E9E41F /* Preview Assets.xcassets */ = {isa = PBXFileReference; lastKnownFileType = folder.assetcatalog; path = "Preview Assets.xcassets"; sourceTree = "<group>"; };
		45FF3D412BF267F300E9E41F /* ExpenseSheet.swift */ = {isa = PBXFileReference; lastKnownFileType = sourcecode.swift; path = ExpenseSheet.swift; sourceTree = "<group>"; };
		45FF3D432BF26A1800E9E41F /* Operation.swift */ = {isa = PBXFileReference; lastKnownFileType = sourcecode.swift; path = Operation.swift; sourceTree = "<group>"; };
		45FF3D452BF26C2900E9E41F /* Category.swift */ = {isa = PBXFileReference; lastKnownFileType = sourcecode.swift; path = Category.swift; sourceTree = "<group>"; };
		45FF3D472BF26C8800E9E41F /* Enum.swift */ = {isa = PBXFileReference; lastKnownFileType = sourcecode.swift; path = Enum.swift; sourceTree = "<group>"; };
		45FF3D4B2BF36F1100E9E41F /* ExpenseView.swift */ = {isa = PBXFileReference; lastKnownFileType = sourcecode.swift; path = ExpenseView.swift; sourceTree = "<group>"; };
		45FF3D4D2BF3768A00E9E41F /* CreateExpenseSheetView.swift */ = {isa = PBXFileReference; lastKnownFileType = sourcecode.swift; path = CreateExpenseSheetView.swift; sourceTree = "<group>"; };
		45FF3D4F2BF3778E00E9E41F /* AboutView.swift */ = {isa = PBXFileReference; lastKnownFileType = sourcecode.swift; path = AboutView.swift; sourceTree = "<group>"; };
/* End PBXFileReference section */

/* Begin PBXFrameworksBuildPhase section */
		45FF3D292BF2673F00E9E41F /* Frameworks */ = {
			isa = PBXFrameworksBuildPhase;
			buildActionMask = 2147483647;
			files = (
			);
			runOnlyForDeploymentPostprocessing = 0;
		};
/* End PBXFrameworksBuildPhase section */

/* Begin PBXGroup section */
		45FF3D232BF2673F00E9E41F = {
			isa = PBXGroup;
			children = (
				45FF3D2E2BF2673F00E9E41F /* myexpenses */,
				45FF3D2D2BF2673F00E9E41F /* Products */,
			);
			sourceTree = "<group>";
		};
		45FF3D2D2BF2673F00E9E41F /* Products */ = {
			isa = PBXGroup;
			children = (
				45FF3D2C2BF2673F00E9E41F /* myexpenses.app */,
			);
			name = Products;
			sourceTree = "<group>";
		};
		45FF3D2E2BF2673F00E9E41F /* myexpenses */ = {
			isa = PBXGroup;
			children = (
				45FF3D402BF267C000E9E41F /* view */,
				45FF3D3F2BF267B900E9E41F /* model */,
				45FF3D2F2BF2673F00E9E41F /* myexpensesApp.swift */,
				45FF3D312BF2673F00E9E41F /* ContentView.swift */,
				45FF3D352BF2674100E9E41F /* Assets.xcassets */,
				45FF3D372BF2674100E9E41F /* Preview Content */,
			);
			path = myexpenses;
			sourceTree = "<group>";
		};
		45FF3D372BF2674100E9E41F /* Preview Content */ = {
			isa = PBXGroup;
			children = (
				45FF3D382BF2674100E9E41F /* Preview Assets.xcassets */,
			);
			path = "Preview Content";
			sourceTree = "<group>";
		};
		45FF3D3F2BF267B900E9E41F /* model */ = {
			isa = PBXGroup;
			children = (
				45FF3D412BF267F300E9E41F /* ExpenseSheet.swift */,
				45FF3D432BF26A1800E9E41F /* Operation.swift */,
				45FF3D452BF26C2900E9E41F /* Category.swift */,
				45FF3D472BF26C8800E9E41F /* Enum.swift */,
			);
			path = model;
			sourceTree = "<group>";
		};
		45FF3D402BF267C000E9E41F /* view */ = {
			isa = PBXGroup;
			children = (
				45FF3D4B2BF36F1100E9E41F /* ExpenseView.swift */,
				45FF3D4D2BF3768A00E9E41F /* CreateExpenseSheetView.swift */,
				45FF3D4F2BF3778E00E9E41F /* AboutView.swift */,
			);
			path = view;
			sourceTree = "<group>";
		};
/* End PBXGroup section */

/* Begin PBXNativeTarget section */
		45FF3D2B2BF2673F00E9E41F /* myexpenses */ = {
			isa = PBXNativeTarget;
			buildConfigurationList = 45FF3D3C2BF2674100E9E41F /* Build configuration list for PBXNativeTarget "myexpenses" */;
			buildPhases = (
				45FF3D282BF2673F00E9E41F /* Sources */,
				45FF3D292BF2673F00E9E41F /* Frameworks */,
				45FF3D2A2BF2673F00E9E41F /* Resources */,
			);
			buildRules = (
			);
			dependencies = (
			);
			name = myexpenses;
			productName = myexpenses;
			productReference = 45FF3D2C2BF2673F00E9E41F /* myexpenses.app */;
			productType = "com.apple.product-type.application";
		};
/* End PBXNativeTarget section */

/* Begin PBXProject section */
		45FF3D242BF2673F00E9E41F /* Project object */ = {
			isa = PBXProject;
			attributes = {
				BuildIndependentTargetsInParallel = 1;
				LastSwiftUpdateCheck = 1530;
				LastUpgradeCheck = 1530;
				TargetAttributes = {
					45FF3D2B2BF2673F00E9E41F = {
						CreatedOnToolsVersion = 15.3;
					};
				};
			};
			buildConfigurationList = 45FF3D272BF2673F00E9E41F /* Build configuration list for PBXProject "myexpenses" */;
			compatibilityVersion = "Xcode 14.0";
			developmentRegion = en;
			hasScannedForEncodings = 0;
			knownRegions = (
				en,
				Base,
			);
			mainGroup = 45FF3D232BF2673F00E9E41F;
			productRefGroup = 45FF3D2D2BF2673F00E9E41F /* Products */;
			projectDirPath = "";
			projectRoot = "";
			targets = (
				45FF3D2B2BF2673F00E9E41F /* myexpenses */,
			);
		};
/* End PBXProject section */

/* Begin PBXResourcesBuildPhase section */
		45FF3D2A2BF2673F00E9E41F /* Resources */ = {
			isa = PBXResourcesBuildPhase;
			buildActionMask = 2147483647;
			files = (
				45FF3D392BF2674100E9E41F /* Preview Assets.xcassets in Resources */,
				45FF3D362BF2674100E9E41F /* Assets.xcassets in Resources */,
			);
			runOnlyForDeploymentPostprocessing = 0;
		};
/* End PBXResourcesBuildPhase section */

/* Begin PBXSourcesBuildPhase section */
		45FF3D282BF2673F00E9E41F /* Sources */ = {
			isa = PBXSourcesBuildPhase;
			buildActionMask = 2147483647;
			files = (
				45FF3D322BF2673F00E9E41F /* ContentView.swift in Sources */,
				45FF3D422BF267F300E9E41F /* ExpenseSheet.swift in Sources */,
				45FF3D302BF2673F00E9E41F /* myexpensesApp.swift in Sources */,
				45FF3D4C2BF36F1100E9E41F /* ExpenseView.swift in Sources */,
				45FF3D502BF3778E00E9E41F /* AboutView.swift in Sources */,
				45FF3D482BF26C8800E9E41F /* Enum.swift in Sources */,
				45FF3D442BF26A1800E9E41F /* Operation.swift in Sources */,
				45FF3D462BF26C2900E9E41F /* Category.swift in Sources */,
				45FF3D4E2BF3768A00E9E41F /* CreateExpenseSheetView.swift in Sources */,
			);
			runOnlyForDeploymentPostprocessing = 0;
		};
/* End PBXSourcesBuildPhase section */

/* Begin XCBuildConfiguration section */
		45FF3D3A2BF2674100E9E41F /* Debug */ = {
			isa = XCBuildConfiguration;
			buildSettings = {
				ALWAYS_SEARCH_USER_PATHS = NO;
				ASSETCATALOG_COMPILER_GENERATE_SWIFT_ASSET_SYMBOL_EXTENSIONS = YES;
				CLANG_ANALYZER_NONNULL = YES;
				CLANG_ANALYZER_NUMBER_OBJECT_CONVERSION = YES_AGGRESSIVE;
				CLANG_CXX_LANGUAGE_STANDARD = "gnu++20";
				CLANG_ENABLE_MODULES = YES;
				CLANG_ENABLE_OBJC_ARC = YES;
				CLANG_ENABLE_OBJC_WEAK = YES;
				CLANG_WARN_BLOCK_CAPTURE_AUTORELEASING = YES;
				CLANG_WARN_BOOL_CONVERSION = YES;
				CLANG_WARN_COMMA = YES;
				CLANG_WARN_CONSTANT_CONVERSION = YES;
				CLANG_WARN_DEPRECATED_OBJC_IMPLEMENTATIONS = YES;
				CLANG_WARN_DIRECT_OBJC_ISA_USAGE = YES_ERROR;
				CLANG_WARN_DOCUMENTATION_COMMENTS = YES;
				CLANG_WARN_EMPTY_BODY = YES;
				CLANG_WARN_ENUM_CONVERSION = YES;
				CLANG_WARN_INFINITE_RECURSION = YES;
				CLANG_WARN_INT_CONVERSION = YES;
				CLANG_WARN_NON_LITERAL_NULL_CONVERSION = YES;
				CLANG_WARN_OBJC_IMPLICIT_RETAIN_SELF = YES;
				CLANG_WARN_OBJC_LITERAL_CONVERSION = YES;
				CLANG_WARN_OBJC_ROOT_CLASS = YES_ERROR;
				CLANG_WARN_QUOTED_INCLUDE_IN_FRAMEWORK_HEADER = YES;
				CLANG_WARN_RANGE_LOOP_ANALYSIS = YES;
				CLANG_WARN_STRICT_PROTOTYPES = YES;
				CLANG_WARN_SUSPICIOUS_MOVE = YES;
				CLANG_WARN_UNGUARDED_AVAILABILITY = YES_AGGRESSIVE;
				CLANG_WARN_UNREACHABLE_CODE = YES;
				CLANG_WARN__DUPLICATE_METHOD_MATCH = YES;
				COPY_PHASE_STRIP = NO;
				DEBUG_INFORMATION_FORMAT = dwarf;
				ENABLE_STRICT_OBJC_MSGSEND = YES;
				ENABLE_TESTABILITY = YES;
				ENABLE_USER_SCRIPT_SANDBOXING = YES;
				GCC_C_LANGUAGE_STANDARD = gnu17;
				GCC_DYNAMIC_NO_PIC = NO;
				GCC_NO_COMMON_BLOCKS = YES;
				GCC_OPTIMIZATION_LEVEL = 0;
				GCC_PREPROCESSOR_DEFINITIONS = (
					"DEBUG=1",
					"$(inherited)",
				);
				GCC_WARN_64_TO_32_BIT_CONVERSION = YES;
				GCC_WARN_ABOUT_RETURN_TYPE = YES_ERROR;
				GCC_WARN_UNDECLARED_SELECTOR = YES;
				GCC_WARN_UNINITIALIZED_AUTOS = YES_AGGRESSIVE;
				GCC_WARN_UNUSED_FUNCTION = YES;
				GCC_WARN_UNUSED_VARIABLE = YES;
				IPHONEOS_DEPLOYMENT_TARGET = 17.4;
				LOCALIZATION_PREFERS_STRING_CATALOGS = YES;
				MTL_ENABLE_DEBUG_INFO = INCLUDE_SOURCE;
				MTL_FAST_MATH = YES;
				ONLY_ACTIVE_ARCH = YES;
				SDKROOT = iphoneos;
				SWIFT_ACTIVE_COMPILATION_CONDITIONS = "DEBUG $(inherited)";
				SWIFT_OPTIMIZATION_LEVEL = "-Onone";
			};
			name = Debug;
		};
		45FF3D3B2BF2674100E9E41F /* Release */ = {
			isa = XCBuildConfiguration;
			buildSettings = {
				ALWAYS_SEARCH_USER_PATHS = NO;
				ASSETCATALOG_COMPILER_GENERATE_SWIFT_ASSET_SYMBOL_EXTENSIONS = YES;
				CLANG_ANALYZER_NONNULL = YES;
				CLANG_ANALYZER_NUMBER_OBJECT_CONVERSION = YES_AGGRESSIVE;
				CLANG_CXX_LANGUAGE_STANDARD = "gnu++20";
				CLANG_ENABLE_MODULES = YES;
				CLANG_ENABLE_OBJC_ARC = YES;
				CLANG_ENABLE_OBJC_WEAK = YES;
				CLANG_WARN_BLOCK_CAPTURE_AUTORELEASING = YES;
				CLANG_WARN_BOOL_CONVERSION = YES;
				CLANG_WARN_COMMA = YES;
				CLANG_WARN_CONSTANT_CONVERSION = YES;
				CLANG_WARN_DEPRECATED_OBJC_IMPLEMENTATIONS = YES;
				CLANG_WARN_DIRECT_OBJC_ISA_USAGE = YES_ERROR;
				CLANG_WARN_DOCUMENTATION_COMMENTS = YES;
				CLANG_WARN_EMPTY_BODY = YES;
				CLANG_WARN_ENUM_CONVERSION = YES;
				CLANG_WARN_INFINITE_RECURSION = YES;
				CLANG_WARN_INT_CONVERSION = YES;
				CLANG_WARN_NON_LITERAL_NULL_CONVERSION = YES;
				CLANG_WARN_OBJC_IMPLICIT_RETAIN_SELF = YES;
				CLANG_WARN_OBJC_LITERAL_CONVERSION = YES;
				CLANG_WARN_OBJC_ROOT_CLASS = YES_ERROR;
				CLANG_WARN_QUOTED_INCLUDE_IN_FRAMEWORK_HEADER = YES;
				CLANG_WARN_RANGE_LOOP_ANALYSIS = YES;
				CLANG_WARN_STRICT_PROTOTYPES = YES;
				CLANG_WARN_SUSPICIOUS_MOVE = YES;
				CLANG_WARN_UNGUARDED_AVAILABILITY = YES_AGGRESSIVE;
				CLANG_WARN_UNREACHABLE_CODE = YES;
				CLANG_WARN__DUPLICATE_METHOD_MATCH = YES;
				COPY_PHASE_STRIP = NO;
				DEBUG_INFORMATION_FORMAT = "dwarf-with-dsym";
				ENABLE_NS_ASSERTIONS = NO;
				ENABLE_STRICT_OBJC_MSGSEND = YES;
				ENABLE_USER_SCRIPT_SANDBOXING = YES;
				GCC_C_LANGUAGE_STANDARD = gnu17;
				GCC_NO_COMMON_BLOCKS = YES;
				GCC_WARN_64_TO_32_BIT_CONVERSION = YES;
				GCC_WARN_ABOUT_RETURN_TYPE = YES_ERROR;
				GCC_WARN_UNDECLARED_SELECTOR = YES;
				GCC_WARN_UNINITIALIZED_AUTOS = YES_AGGRESSIVE;
				GCC_WARN_UNUSED_FUNCTION = YES;
				GCC_WARN_UNUSED_VARIABLE = YES;
				IPHONEOS_DEPLOYMENT_TARGET = 17.4;
				LOCALIZATION_PREFERS_STRING_CATALOGS = YES;
				MTL_ENABLE_DEBUG_INFO = NO;
				MTL_FAST_MATH = YES;
				SDKROOT = iphoneos;
				SWIFT_COMPILATION_MODE = wholemodule;
				VALIDATE_PRODUCT = YES;
			};
			name = Release;
		};
		45FF3D3D2BF2674100E9E41F /* Debug */ = {
			isa = XCBuildConfiguration;
			buildSettings = {
				ASSETCATALOG_COMPILER_APPICON_NAME = AppIcon;
				ASSETCATALOG_COMPILER_GLOBAL_ACCENT_COLOR_NAME = AccentColor;
				CODE_SIGN_STYLE = Automatic;
				CURRENT_PROJECT_VERSION = 1;
				DEVELOPMENT_ASSET_PATHS = "\"myexpenses/Preview Content\"";
				ENABLE_PREVIEWS = YES;
				GENERATE_INFOPLIST_FILE = YES;
				INFOPLIST_KEY_UIApplicationSceneManifest_Generation = YES;
				INFOPLIST_KEY_UIApplicationSupportsIndirectInputEvents = YES;
				INFOPLIST_KEY_UILaunchScreen_Generation = YES;
				INFOPLIST_KEY_UISupportedInterfaceOrientations_iPad = "UIInterfaceOrientationPortrait UIInterfaceOrientationPortraitUpsideDown UIInterfaceOrientationLandscapeLeft UIInterfaceOrientationLandscapeRight";
				INFOPLIST_KEY_UISupportedInterfaceOrientations_iPhone = "UIInterfaceOrientationPortrait UIInterfaceOrientationLandscapeLeft UIInterfaceOrientationLandscapeRight";
				LD_RUNPATH_SEARCH_PATHS = (
					"$(inherited)",
					"@executable_path/Frameworks",
				);
				MARKETING_VERSION = 1.0;
				PRODUCT_BUNDLE_IDENTIFIER = dev.ruben.myexpenses;
				PRODUCT_NAME = "$(TARGET_NAME)";
				SWIFT_EMIT_LOC_STRINGS = YES;
				SWIFT_VERSION = 5.0;
				TARGETED_DEVICE_FAMILY = "1,2";
			};
			name = Debug;
		};
		45FF3D3E2BF2674100E9E41F /* Release */ = {
			isa = XCBuildConfiguration;
			buildSettings = {
				ASSETCATALOG_COMPILER_APPICON_NAME = AppIcon;
				ASSETCATALOG_COMPILER_GLOBAL_ACCENT_COLOR_NAME = AccentColor;
				CODE_SIGN_STYLE = Automatic;
				CURRENT_PROJECT_VERSION = 1;
				DEVELOPMENT_ASSET_PATHS = "\"myexpenses/Preview Content\"";
				ENABLE_PREVIEWS = YES;
				GENERATE_INFOPLIST_FILE = YES;
				INFOPLIST_KEY_UIApplicationSceneManifest_Generation = YES;
				INFOPLIST_KEY_UIApplicationSupportsIndirectInputEvents = YES;
				INFOPLIST_KEY_UILaunchScreen_Generation = YES;
				INFOPLIST_KEY_UISupportedInterfaceOrientations_iPad = "UIInterfaceOrientationPortrait UIInterfaceOrientationPortraitUpsideDown UIInterfaceOrientationLandscapeLeft UIInterfaceOrientationLandscapeRight";
				INFOPLIST_KEY_UISupportedInterfaceOrientations_iPhone = "UIInterfaceOrientationPortrait UIInterfaceOrientationLandscapeLeft UIInterfaceOrientationLandscapeRight";
				LD_RUNPATH_SEARCH_PATHS = (
					"$(inherited)",
					"@executable_path/Frameworks",
				);
				MARKETING_VERSION = 1.0;
				PRODUCT_BUNDLE_IDENTIFIER = dev.ruben.myexpenses;
				PRODUCT_NAME = "$(TARGET_NAME)";
				SWIFT_EMIT_LOC_STRINGS = YES;
				SWIFT_VERSION = 5.0;
				TARGETED_DEVICE_FAMILY = "1,2";
			};
			name = Release;
		};
/* End XCBuildConfiguration section */

/* Begin XCConfigurationList section */
		45FF3D272BF2673F00E9E41F /* Build configuration list for PBXProject "myexpenses" */ = {
			isa = XCConfigurationList;
			buildConfigurations = (
				45FF3D3A2BF2674100E9E41F /* Debug */,
				45FF3D3B2BF2674100E9E41F /* Release */,
			);
			defaultConfigurationIsVisible = 0;
			defaultConfigurationName = Release;
		};
		45FF3D3C2BF2674100E9E41F /* Build configuration list for PBXNativeTarget "myexpenses" */ = {
			isa = XCConfigurationList;
			buildConfigurations = (
				45FF3D3D2BF2674100E9E41F /* Debug */,
				45FF3D3E2BF2674100E9E41F /* Release */,
			);
			defaultConfigurationIsVisible = 0;
			defaultConfigurationName = Release;
		};
/* End XCConfigurationList section */
	};
	rootObject = 45FF3D242BF2673F00E9E41F /* Project object */;
}
